
Microsoft Visual Studio Solution File, Format Version 12.00
# Visual Studio Version 17
VisualStudioVersion = 17.11.35327.3
MinimumVisualStudioVersion = 10.0.40219.1
Project("{FAE04EC0-301F-11D3-BF4B-00C04F79EFBC}") = "KentOS.Mini.Web", "KentOS.Mini.Web\KentOS.Mini.Web.csproj", "{A21B99B6-79E5-4582-B161-F2A2141D61D4}"
EndProject
Project("{FAE04EC0-301F-11D3-BF4B-00C04F79EFBC}") = "KentOS.Mini.Application", "KentOS.Mini.Application\KentOS.Mini.Application.csproj", "{AB652FAC-C7B8-4B46-9C11-D57EB4C51E96}"
EndProject
Project("{FAE04EC0-301F-11D3-BF4B-00C04F79EFBC}") = "KentOS.Mini.Tests", "KentOS.Mini.Tests\KentOS.Mini.Tests.csproj", "{30F57DD6-8B01-4D25-B476-A270DC0F0501}"
EndProject
Global
	GlobalSection(SolutionConfigurationPlatforms) = preSolution
		Debug|Any CPU = Debug|Any CPU
		Debug|x64 = Debug|x64
		Debug|x86 = Debug|x86
		Release|Any CPU = Release|Any CPU
		Release|x64 = Release|x64
		Release|x86 = Release|x86
	EndGlobalSection
	GlobalSection(ProjectConfigurationPlatforms) = postSolution
		{A21B99B6-79E5-4582-B161-F2A2141D61D4}.Debug|Any CPU.ActiveCfg = Debug|Any CPU
		{A21B99B6-79E5-4582-B161-F2A2141D61D4}.Debug|Any CPU.Build.0 = Debug|Any CPU
		{A21B99B6-79E5-4582-B161-F2A2141D61D4}.Debug|x64.ActiveCfg = Debug|Any CPU
		{A21B99B6-79E5-4582-B161-F2A2141D61D4}.Debug|x64.Build.0 = Debug|Any CPU
		{A21B99B6-79E5-4582-B161-F2A2141D61D4}.Debug|x86.ActiveCfg = Debug|Any CPU
		{A21B99B6-79E5-4582-B161-F2A2141D61D4}.Debug|x86.Build.0 = Debug|Any CPU
		{A21B99B6-79E5-4582-B161-F2A2141D61D4}.Release|Any CPU.ActiveCfg = Release|Any CPU
		{A21B99B6-79E5-4582-B161-F2A2141D61D4}.Release|Any CPU.Build.0 = Release|Any CPU
		{A21B99B6-79E5-4582-B161-F2A2141D61D4}.Release|x64.ActiveCfg = Release|Any CPU
		{A21B99B6-79E5-4582-B161-F2A2141D61D4}.Release|x64.Build.0 = Release|Any CPU
		{A21B99B6-79E5-4582-B161-F2A2141D61D4}.Release|x86.ActiveCfg = Release|Any CPU
		{A21B99B6-79E5-4582-B161-F2A2141D61D4}.Release|x86.Build.0 = Release|Any CPU
		{AB652FAC-C7B8-4B46-9C11-D57EB4C51E96}.Debug|Any CPU.ActiveCfg = Debug|Any CPU
		{AB652FAC-C7B8-4B46-9C11-D57EB4C51E96}.Debug|Any CPU.Build.0 = Debug|Any CPU
		{AB652FAC-C7B8-4B46-9C11-D57EB4C51E96}.Debug|x64.ActiveCfg = Debug|Any CPU
		{AB652FAC-C7B8-4B46-9C11-D57EB4C51E96}.Debug|x64.Build.0 = Debug|Any CPU
		{AB652FAC-C7B8-4B46-9C11-D57EB4C51E96}.Debug|x86.ActiveCfg = Debug|Any CPU
		{AB652FAC-C7B8-4B46-9C11-D57EB4C51E96}.Debug|x86.Build.0 = Debug|Any CPU
		{AB652FAC-C7B8-4B46-9C11-D57EB4C51E96}.Release|Any CPU.ActiveCfg = Release|Any CPU
		{AB652FAC-C7B8-4B46-9C11-D57EB4C51E96}.Release|Any CPU.Build.0 = Release|Any CPU
		{AB652FAC-C7B8-4B46-9C11-D57EB4C51E96}.Release|x64.ActiveCfg = Release|Any CPU
		{AB652FAC-C7B8-4B46-9C11-D57EB4C51E96}.Release|x64.Build.0 = Release|Any CPU
		{AB652FAC-C7B8-4B46-9C11-D57EB4C51E96}.Release|x86.ActiveCfg = Release|Any CPU
		{AB652FAC-C7B8-4B46-9C11-D57EB4C51E96}.Release|x86.Build.0 = Release|Any CPU
		{30F57DD6-8B01-4D25-B476-A270DC0F0501}.Debug|Any CPU.ActiveCfg = Debug|Any CPU
		{30F57DD6-8B01-4D25-B476-A270DC0F0501}.Debug|Any CPU.Build.0 = Debug|Any CPU
		{30F57DD6-8B01-4D25-B476-A270DC0F0501}.Debug|x64.ActiveCfg = Debug|Any CPU
		{30F57DD6-8B01-4D25-B476-A270DC0F0501}.Debug|x64.Build.0 = Debug|Any CPU
		{30F57DD6-8B01-4D25-B476-A270DC0F0501}.Debug|x86.ActiveCfg = Debug|Any CPU
		{30F57DD6-8B01-4D25-B476-A270DC0F0501}.Debug|x86.Build.0 = Debug|Any CPU
		{30F57DD6-8B01-4D25-B476-A270DC0F0501}.Release|Any CPU.ActiveCfg = Release|Any CPU
		{30F57DD6-8B01-4D25-B476-A270DC0F0501}.Release|Any CPU.Build.0 = Release|Any CPU
		{30F57DD6-8B01-4D25-B476-A270DC0F0501}.Release|x64.ActiveCfg = Release|Any CPU
		{30F57DD6-8B01-4D25-B476-A270DC0F0501}.Release|x64.Build.0 = Release|Any CPU
		{30F57DD6-8B01-4D25-B476-A270DC0F0501}.Release|x86.ActiveCfg = Release|Any CPU
		{30F57DD6-8B01-4D25-B476-A270DC0F0501}.Release|x86.Build.0 = Release|Any CPU
	EndGlobalSection
	GlobalSection(SolutionProperties) = preSolution
		HideSolutionNode = FALSE
	EndGlobalSection
	GlobalSection(ExtensibilityGlobals) = postSolution
		SolutionGuid = {8D42F984-3E42-442E-997C-1863C25C6A2A}
	EndGlobalSection
EndGlobal
